// !$*UTF8*$!
{
	archiveVersion = 1;
	classes = {
	};
	objectVersion = 77;
	objects = {

/* Begin PBXBuildFile section */
		598208512F91CA19000BD51D /* Collections in Frameworks */ = {isa = PBXBuildFile; productRef = 598208502F91CA19000BD51D /* Collections */; };
		598208542F91CB97000BD51D /* onnxruntime in Frameworks */ = {isa = PBXBuildFile; productRef = 598208532F91CB97000BD51D /* onnxruntime */; };
/* End PBXBuildFile section */

/* Begin PBXContainerItemProxy section */
		59AE870F2F91AE0F00D9609C /* PBXContainerItemProxy */ = {
			isa = PBXContainerItemProxy;
			containerPortal = 59AE86F92F91AE0E00D9609C /* Project object */;
			proxyType = 1;
			remoteGlobalIDString = 59AE87002F91AE0E00D9609C;
			remoteInfo = VoxLocal;
		};
		59AE87192F91AE0F00D9609C /* PBXContainerItemProxy */ = {
			isa = PBXContainerItemProxy;
			containerPortal = 59AE86F92F91AE0E00D9609C /* Project object */;
			proxyType = 1;
			remoteGlobalIDString = 59AE87002F91AE0E00D9609C;
			remoteInfo = VoxLocal;
		};
/* End PBXContainerItemProxy section */

/* Begin PBXFileReference section */
		59AE87012F91AE0E00D9609C /* VoxLocal.app */ = {isa = PBXFileReference; explicitFileType = wrapper.application; includeInIndex = 0; path = VoxLocal.app; sourceTree = BUILT_PRODUCTS_DIR; };
		59AE870E2F91AE0F00D9609C /* VoxLocalTests.xctest */ = {isa = PBXFileReference; explicitFileType = wrapper.cfbundle; includeInIndex = 0; path = VoxLocalTests.xctest; sourceTree = BUILT_PRODUCTS_DIR; };
		59AE87182F91AE0F00D9609C /* VoxLocalUITests.xctest */ = {isa = PBXFileReference; explicitFileType = wrapper.cfbundle; includeInIndex = 0; path = VoxLocalUITests.xctest; sourceTree = BUILT_PRODUCTS_DIR; };
/* End PBXFileReference section */

/* Begin PBXFileSystemSynchronizedRootGroup section */
		59AE87032F91AE0E00D9609C /* VoxLocal */ = {
			isa = PBXFileSystemSynchronizedRootGroup;
			path = VoxLocal;
			sourceTree = "<group>";
		};
		59AE87112F91AE0F00D9609C /* VoxLocalTests */ = {
			isa = PBXFileSystemSynchronizedRootGroup;
			path = VoxLocalTests;
			sourceTree = "<group>";
		};
		59AE871B2F91AE0F00D9609C /* VoxLocalUITests */ = {
			isa = PBXFileSystemSynchronizedRootGroup;
			path = VoxLocalUITests;
			sourceTree = "<group>";
		};
/* End PBXFileSystemSynchronizedRootGroup section */

/* Begin PBXFrameworksBuildPhase section */
		59AE86FE2F91AE0E00D9609C /* Frameworks */ = {
			isa = PBXFrameworksBuildPhase;
			buildActionMask = 2147483647;
			files = (
				598208542F91CB97000BD51D /* onnxruntime in Frameworks */,
				598208512F91CA19000BD51D /* Collections in Frameworks */,
			);
			runOnlyForDeploymentPostprocessing = 0;
		};
		59AE870B2F91AE0F00D9609C /* Frameworks */ = {
			isa = PBXFrameworksBuildPhase;
			buildActionMask = 2147483647;
			files = (
			);
			runOnlyForDeploymentPostprocessing = 0;
		};
		59AE87152F91AE0F00D9609C /* Frameworks */ = {
			isa = PBXFrameworksBuildPhase;
			buildActionMask = 2147483647;
			files = (
			);
			runOnlyForDeploymentPostprocessing = 0;
		};
/* End PBXFrameworksBuildPhase section */

/* Begin PBXGroup section */
		5982084F2F91CA19000BD51D /* Frameworks */ = {
			isa = PBXGroup;
			children = (
			);
			name = Frameworks;
			sourceTree = "<group>";
		};
		59AE86F82F91AE0E00D9609C = {
			isa = PBXGroup;
			children = (
				59AE87032F91AE0E00D9609C /* VoxLocal */,
				59AE87112F91AE0F00D9609C /* VoxLocalTests */,
				59AE871B2F91AE0F00D9609C /* VoxLocalUITests */,
				5982084F2F91CA19000BD51D /* Frameworks */,
				59AE87022F91AE0E00D9609C /* Products */,
			);
			sourceTree = "<group>";
		};
		59AE87022F91AE0E00D9609C /* Products */ = {
			isa = PBXGroup;
			children = (
				59AE87012F91AE0E00D9609C /* VoxLocal.app */,
				59AE870E2F91AE0F00D9609C /* VoxLocalTests.xctest */,
				59AE87182F91AE0F00D9609C /* VoxLocalUITests.xctest */,
			);
			name = Products;
			sourceTree = "<group>";
		};
/* End PBXGroup section */

/* Begin PBXNativeTarget section */
		59AE87002F91AE0E00D9609C /* VoxLocal */ = {
			isa = PBXNativeTarget;
			buildConfigurationList = 59AE87222F91AE0F00D9609C /* Build configuration list for PBXNativeTarget "VoxLocal" */;
			buildPhases = (
				59AE86FD2F91AE0E00D9609C /* Sources */,
				59AE86FE2F91AE0E00D9609C /* Frameworks */,
				59AE86FF2F91AE0E00D9609C /* Resources */,
			);
			buildRules = (
			);
			dependencies = (
			);
			fileSystemSynchronizedGroups = (
				59AE87032F91AE0E00D9609C /* VoxLocal */,
			);
			name = VoxLocal;
			packageProductDependencies = (
				598208502F91CA19000BD51D /* Collections */,
				598208532F91CB97000BD51D /* onnxruntime */,
			);
			productName = VoxLocal;
			productReference = 59AE87012F91AE0E00D9609C /* VoxLocal.app */;
			productType = "com.apple.product-type.application";
		};
		59AE870D2F91AE0F00D9609C /* VoxLocalTests */ = {
			isa = PBXNativeTarget;
			buildConfigurationList = 59AE87252F91AE0F00D9609C /* Build configuration list for PBXNativeTarget "VoxLocalTests" */;
			buildPhases = (
				59AE870A2F91AE0F00D9609C /* Sources */,
				59AE870B2F91AE0F00D9609C /* Frameworks */,
				59AE870C2F91AE0F00D9609C /* Resources */,
			);
			buildRules = (
			);
			dependencies = (
				59AE87102F91AE0F00D9609C /* PBXTargetDependency */,
			);
			fileSystemSynchronizedGroups = (
				59AE87112F91AE0F00D9609C /* VoxLocalTests */,
			);
			name = VoxLocalTests;
			packageProductDependencies = (
			);
			productName = VoxLocalTests;
			productReference = 59AE870E2F91AE0F00D9609C /* VoxLocalTests.xctest */;
			productType = "com.apple.product-type.bundle.unit-test";
		};
		59AE87172F91AE0F00D9609C /* VoxLocalUITests */ = {
			isa = PBXNativeTarget;
			buildConfigurationList = 59AE87282F91AE0F00D9609C /* Build configuration list for PBXNativeTarget "VoxLocalUITests" */;
			buildPhases = (
				59AE87142F91AE0F00D9609C /* Sources */,
				59AE87152F91AE0F00D9609C /* Frameworks */,
				59AE87162F91AE0F00D9609C /* Resources */,
			);
			buildRules = (
			);
			dependencies = (
				59AE871A2F91AE0F00D9609C /* PBXTargetDependency */,
			);
			fileSystemSynchronizedGroups = (
				59AE871B2F91AE0F00D9609C /* VoxLocalUITests */,
			);
			name = VoxLocalUITests;
			packageProductDependencies = (
			);
			productName = VoxLocalUITests;
			productReference = 59AE87182F91AE0F00D9609C /* VoxLocalUITests.xctest */;
			productType = "com.apple.product-type.bundle.ui-testing";
		};
/* End PBXNativeTarget section */

/* Begin PBXProject section */
		59AE86F92F91AE0E00D9609C /* Project object */ = {
			isa = PBXProject;
			attributes = {
				BuildIndependentTargetsInParallel = 1;
				LastSwiftUpdateCheck = 2640;
				LastUpgradeCheck = 2640;
				TargetAttributes = {
					59AE87002F91AE0E00D9609C = {
						CreatedOnToolsVersion = 26.4.1;
					};
					59AE870D2F91AE0F00D9609C = {
						CreatedOnToolsVersion = 26.4.1;
						TestTargetID = 59AE87002F91AE0E00D9609C;
					};
					59AE87172F91AE0F00D9609C = {
						CreatedOnToolsVersion = 26.4.1;
						TestTargetID = 59AE87002F91AE0E00D9609C;
					};
				};
			};
			buildConfigurationList = 59AE86FC2F91AE0E00D9609C /* Build configuration list for PBXProject "VoxLocal" */;
			developmentRegion = en;
			hasScannedForEncodings = 0;
			knownRegions = (
				en,
				Base,
			);
			mainGroup = 59AE86F82F91AE0E00D9609C;
			minimizedProjectReferenceProxies = 1;
			packageReferences = (
				5982084E2F91C949000BD51D /* XCRemoteSwiftPackageReference "swift-collections" */,
				598208522F91CB0D000BD51D /* XCRemoteSwiftPackageReference "onnxruntime-swift-package-manager" */,
			);
			preferredProjectObjectVersion = 77;
			productRefGroup = 59AE87022F91AE0E00D9609C /* Products */;
			projectDirPath = "";
			projectRoot = "";
			targets = (
				59AE87002F91AE0E00D9609C /* VoxLocal */,
				59AE870D2F91AE0F00D9609C /* VoxLocalTests */,
				59AE87172F91AE0F00D9609C /* VoxLocalUITests */,
			);
		};
/* End PBXProject section */

/* Begin PBXResourcesBuildPhase section */
		59AE86FF2F91AE0E00D9609C /* Resources */ = {
			isa = PBXResourcesBuildPhase;
			buildActionMask = 2147483647;
			files = (
			);
			runOnlyForDeploymentPostprocessing = 0;
		};
		59AE870C2F91AE0F00D9609C /* Resources */ = {
			isa = PBXResourcesBuildPhase;
			buildActionMask = 2147483647;
			files = (
			);
			runOnlyForDeploymentPostprocessing = 0;
		};
		59AE87162F91AE0F00D9609C /* Resources */ = {
			isa = PBXResourcesBuildPhase;
			buildActionMask = 2147483647;
			files = (
			);
			runOnlyForDeploymentPostprocessing = 0;
		};
/* End PBXResourcesBuildPhase section */

/* Begin PBXSourcesBuildPhase section */
		59AE86FD2F91AE0E00D9609C /* Sources */ = {
			isa = PBXSourcesBuildPhase;
			buildActionMask = 2147483647;
			files = (
			);
			runOnlyForDeploymentPostprocessing = 0;
		};
		59AE870A2F91AE0F00D9609C /* Sources */ = {
			isa = PBXSourcesBuildPhase;
			buildActionMask = 2147483647;
			files = (
			);
			runOnlyForDeploymentPostprocessing = 0;
		};
		59AE87142F91AE0F00D9609C /* Sources */ = {
			isa = PBXSourcesBuildPhase;
			buildActionMask = 2147483647;
			files = (
			);
			runOnlyForDeploymentPostprocessing = 0;
		};
/* End PBXSourcesBuildPhase section */

/* Begin PBXTargetDependency section */
		59AE87102F91AE0F00D9609C /* PBXTargetDependency */ = {
			isa = PBXTargetDependency;
			target = 59AE87002F91AE0E00D9609C /* VoxLocal */;
			targetProxy = 59AE870F2F91AE0F00D9609C /* PBXContainerItemProxy */;
		};
		59AE871A2F91AE0F00D9609C /* PBXTargetDependency */ = {
			isa = PBXTargetDependency;
			target = 59AE87002F91AE0E00D9609C /* VoxLocal */;
			targetProxy = 59AE87192F91AE0F00D9609C /* PBXContainerItemProxy */;
		};
/* End PBXTargetDependency section */

/* Begin XCBuildConfiguration section */
		59AE87202F91AE0F00D9609C /* Debug */ = {
			isa = XCBuildConfiguration;
			buildSettings = {
				ALWAYS_SEARCH_USER_PATHS = NO;
				ASSETCATALOG_COMPILER_GENERATE_SWIFT_ASSET_SYMBOL_EXTENSIONS = YES;
				CLANG_ANALYZER_NONNULL = YES;
				CLANG_ANALYZER_NUMBER_OBJECT_CONVERSION = YES_AGGRESSIVE;
				CLANG_CXX_LANGUAGE_STANDARD = "gnu++20";
				CLANG_ENABLE_MODULES = YES;
				CLANG_ENABLE_OBJC_ARC = YES;
				CLANG_ENABLE_OBJC_WEAK = YES;
				CLANG_WARN_BLOCK_CAPTURE_AUTORELEASING = YES;
				CLANG_WARN_BOOL_CONVERSION = YES;
				CLANG_WARN_COMMA = YES;
				CLANG_WARN_CONSTANT_CONVERSION = YES;
				CLANG_WARN_DEPRECATED_OBJC_IMPLEMENTATIONS = YES;
				CLANG_WARN_DIRECT_OBJC_ISA_USAGE = YES_ERROR;
				CLANG_WARN_DOCUMENTATION_COMMENTS = YES;
				CLANG_WARN_EMPTY_BODY = YES;
				CLANG_WARN_ENUM_CONVERSION = YES;
				CLANG_WARN_INFINITE_RECURSION = YES;
				CLANG_WARN_INT_CONVERSION = YES;
				CLANG_WARN_NON_LITERAL_NULL_CONVERSION = YES;
				CLANG_WARN_OBJC_IMPLICIT_RETAIN_SELF = YES;
				CLANG_WARN_OBJC_LITERAL_CONVERSION = YES;
				CLANG_WARN_OBJC_ROOT_CLASS = YES_ERROR;
				CLANG_WARN_QUOTED_INCLUDE_IN_FRAMEWORK_HEADER = YES;
				CLANG_WARN_RANGE_LOOP_ANALYSIS = YES;
				CLANG_WARN_STRICT_PROTOTYPES = YES;
				CLANG_WARN_SUSPICIOUS_MOVE = YES;
				CLANG_WARN_UNGUARDED_AVAILABILITY = YES_AGGRESSIVE;
				CLANG_WARN_UNREACHABLE_CODE = YES;
				CLANG_WARN__DUPLICATE_METHOD_MATCH = YES;
				COPY_PHASE_STRIP = NO;
				DEBUG_INFORMATION_FORMAT = dwarf;
				DEVELOPMENT_TEAM = 5KY57N5N37;
				ENABLE_STRICT_OBJC_MSGSEND = YES;
				ENABLE_TESTABILITY = YES;
				ENABLE_USER_SCRIPT_SANDBOXING = YES;
				GCC_C_LANGUAGE_STANDARD = gnu17;
				GCC_DYNAMIC_NO_PIC = NO;
				GCC_NO_COMMON_BLOCKS = YES;
				GCC_OPTIMIZATION_LEVEL = 0;
				GCC_PREPROCESSOR_DEFINITIONS = (
					"DEBUG=1",
					"$(inherited)",
				);
				GCC_WARN_64_TO_32_BIT_CONVERSION = YES;
				GCC_WARN_ABOUT_RETURN_TYPE = YES_ERROR;
				GCC_WARN_UNDECLARED_SELECTOR = YES;
				GCC_WARN_UNINITIALIZED_AUTOS = YES_AGGRESSIVE;
				GCC_WARN_UNUSED_FUNCTION = YES;
				GCC_WARN_UNUSED_VARIABLE = YES;
				IPHONEOS_DEPLOYMENT_TARGET = 26.4;
				LOCALIZATION_PREFERS_STRING_CATALOGS = YES;
				MTL_ENABLE_DEBUG_INFO = INCLUDE_SOURCE;
				MTL_FAST_MATH = YES;
				ONLY_ACTIVE_ARCH = YES;
				SDKROOT = iphoneos;
				SWIFT_ACTIVE_COMPILATION_CONDITIONS = "DEBUG $(inherited)";
				SWIFT_OPTIMIZATION_LEVEL = "-Onone";
			};
			name = Debug;
		};
		59AE87212F91AE0F00D9609C /* Release */ = {
			isa = XCBuildConfiguration;
			buildSettings = {
				ALWAYS_SEARCH_USER_PATHS = NO;
				ASSETCATALOG_COMPILER_GENERATE_SWIFT_ASSET_SYMBOL_EXTENSIONS = YES;
				CLANG_ANALYZER_NONNULL = YES;
				CLANG_ANALYZER_NUMBER_OBJECT_CONVERSION = YES_AGGRESSIVE;
				CLANG_CXX_LANGUAGE_STANDARD = "gnu++20";
				CLANG_ENABLE_MODULES = YES;
				CLANG_ENABLE_OBJC_ARC = YES;
				CLANG_ENABLE_OBJC_WEAK = YES;
				CLANG_WARN_BLOCK_CAPTURE_AUTORELEASING = YES;
				CLANG_WARN_BOOL_CONVERSION = YES;
				CLANG_WARN_COMMA = YES;
				CLANG_WARN_CONSTANT_CONVERSION = YES;
				CLANG_WARN_DEPRECATED_OBJC_IMPLEMENTATIONS = YES;
				CLANG_WARN_DIRECT_OBJC_ISA_USAGE = YES_ERROR;
				CLANG_WARN_DOCUMENTATION_COMMENTS = YES;
				CLANG_WARN_EMPTY_BODY = YES;
				CLANG_WARN_ENUM_CONVERSION = YES;
				CLANG_WARN_INFINITE_RECURSION = YES;
				CLANG_WARN_INT_CONVERSION = YES;
				CLANG_WARN_NON_LITERAL_NULL_CONVERSION = YES;
				CLANG_WARN_OBJC_IMPLICIT_RETAIN_SELF = YES;
				CLANG_WARN_OBJC_LITERAL_CONVERSION = YES;
				CLANG_WARN_OBJC_ROOT_CLASS = YES_ERROR;
				CLANG_WARN_QUOTED_INCLUDE_IN_FRAMEWORK_HEADER = YES;
				CLANG_WARN_RANGE_LOOP_ANALYSIS = YES;
				CLANG_WARN_STRICT_PROTOTYPES = YES;
				CLANG_WARN_SUSPICIOUS_MOVE = YES;
				CLANG_WARN_UNGUARDED_AVAILABILITY = YES_AGGRESSIVE;
				CLANG_WARN_UNREACHABLE_CODE = YES;
				CLANG_WARN__DUPLICATE_METHOD_MATCH = YES;
				COPY_PHASE_STRIP = NO;
				DEBUG_INFORMATION_FORMAT = "dwarf-with-dsym";
				DEVELOPMENT_TEAM = 5KY57N5N37;
				ENABLE_NS_ASSERTIONS = NO;
				ENABLE_STRICT_OBJC_MSGSEND = YES;
				ENABLE_USER_SCRIPT_SANDBOXING = YES;
				GCC_C_LANGUAGE_STANDARD = gnu17;
				GCC_NO_COMMON_BLOCKS = YES;
				GCC_WARN_64_TO_32_BIT_CONVERSION = YES;
				GCC_WARN_ABOUT_RETURN_TYPE = YES_ERROR;
				GCC_WARN_UNDECLARED_SELECTOR = YES;
				GCC_WARN_UNINITIALIZED_AUTOS = YES_AGGRESSIVE;
				GCC_WARN_UNUSED_FUNCTION = YES;
				GCC_WARN_UNUSED_VARIABLE = YES;
				IPHONEOS_DEPLOYMENT_TARGET = 26.4;
				LOCALIZATION_PREFERS_STRING_CATALOGS = YES;
				MTL_ENABLE_DEBUG_INFO = NO;
				MTL_FAST_MATH = YES;
				SDKROOT = iphoneos;
				SWIFT_COMPILATION_MODE = wholemodule;
				VALIDATE_PRODUCT = YES;
			};
			name = Release;
		};
		59AE87232F91AE0F00D9609C /* Debug */ = {
			isa = XCBuildConfiguration;
			buildSettings = {
				ASSETCATALOG_COMPILER_APPICON_NAME = AppIcon;
				ASSETCATALOG_COMPILER_GLOBAL_ACCENT_COLOR_NAME = AccentColor;
				CODE_SIGN_STYLE = Automatic;
				CURRENT_PROJECT_VERSION = 1;
				DEVELOPMENT_TEAM = 5KY57N5N37;
				ENABLE_PREVIEWS = YES;
				GENERATE_INFOPLIST_FILE = YES;
				INFOPLIST_KEY_UIApplicationSceneManifest_Generation = YES;
				INFOPLIST_KEY_UIApplicationSupportsIndirectInputEvents = YES;
				INFOPLIST_KEY_UILaunchScreen_Generation = YES;
				INFOPLIST_KEY_UISupportedInterfaceOrientations_iPad = "UIInterfaceOrientationPortrait UIInterfaceOrientationPortraitUpsideDown UIInterfaceOrientationLandscapeLeft UIInterfaceOrientationLandscapeRight";
				INFOPLIST_KEY_UISupportedInterfaceOrientations_iPhone = "UIInterfaceOrientationPortrait UIInterfaceOrientationLandscapeLeft UIInterfaceOrientationLandscapeRight";
				LD_RUNPATH_SEARCH_PATHS = (
					"$(inherited)",
					"@executable_path/Frameworks",
				);
				MARKETING_VERSION = 1.0;
				PRODUCT_BUNDLE_IDENTIFIER = com.omkarpatil.VoxLocal;
				PRODUCT_NAME = "$(TARGET_NAME)";
				STRING_CATALOG_GENERATE_SYMBOLS = YES;
				SWIFT_APPROACHABLE_CONCURRENCY = YES;
				SWIFT_DEFAULT_ACTOR_ISOLATION = MainActor;
				SWIFT_EMIT_LOC_STRINGS = YES;
				SWIFT_UPCOMING_FEATURE_MEMBER_IMPORT_VISIBILITY = YES;
				SWIFT_VERSION = 5.0;
				TARGETED_DEVICE_FAMILY = "1,2";
			};
			name = Debug;
		};
		59AE87242F91AE0F00D9609C /* Release */ = {
			isa = XCBuildConfiguration;
			buildSettings = {
				ASSETCATALOG_COMPILER_APPICON_NAME = AppIcon;
				ASSETCATALOG_COMPILER_GLOBAL_ACCENT_COLOR_NAME = AccentColor;
				CODE_SIGN_STYLE = Automatic;
				CURRENT_PROJECT_VERSION = 1;
				DEVELOPMENT_TEAM = 5KY57N5N37;
				ENABLE_PREVIEWS = YES;
				GENERATE_INFOPLIST_FILE = YES;
				INFOPLIST_KEY_UIApplicationSceneManifest_Generation = YES;
				INFOPLIST_KEY_UIApplicationSupportsIndirectInputEvents = YES;
				INFOPLIST_KEY_UILaunchScreen_Generation = YES;
				INFOPLIST_KEY_UISupportedInterfaceOrientations_iPad = "UIInterfaceOrientationPortrait UIInterfaceOrientationPortraitUpsideDown UIInterfaceOrientationLandscapeLeft UIInterfaceOrientationLandscapeRight";
				INFOPLIST_KEY_UISupportedInterfaceOrientations_iPhone = "UIInterfaceOrientationPortrait UIInterfaceOrientationLandscapeLeft UIInterfaceOrientationLandscapeRight";
				LD_RUNPATH_SEARCH_PATHS = (
					"$(inherited)",
					"@executable_path/Frameworks",
				);
				MARKETING_VERSION = 1.0;
				PRODUCT_BUNDLE_IDENTIFIER = com.omkarpatil.VoxLocal;
				PRODUCT_NAME = "$(TARGET_NAME)";
				STRING_CATALOG_GENERATE_SYMBOLS = YES;
				SWIFT_APPROACHABLE_CONCURRENCY = YES;
				SWIFT_DEFAULT_ACTOR_ISOLATION = MainActor;
				SWIFT_EMIT_LOC_STRINGS = YES;
				SWIFT_UPCOMING_FEATURE_MEMBER_IMPORT_VISIBILITY = YES;
				SWIFT_VERSION = 5.0;
				TARGETED_DEVICE_FAMILY = "1,2";
			};
			name = Release;
		};
		59AE87262F91AE0F00D9609C /* Debug */ = {
			isa = XCBuildConfiguration;
			buildSettings = {
				BUNDLE_LOADER = "$(TEST_HOST)";
				CODE_SIGN_STYLE = Automatic;
				CURRENT_PROJECT_VERSION = 1;
				DEVELOPMENT_TEAM = 5KY57N5N37;
				GENERATE_INFOPLIST_FILE = YES;
				IPHONEOS_DEPLOYMENT_TARGET = 26.4;
				MARKETING_VERSION = 1.0;
				PRODUCT_BUNDLE_IDENTIFIER = com.omkarpatil.VoxLocalTests;
				PRODUCT_NAME = "$(TARGET_NAME)";
				STRING_CATALOG_GENERATE_SYMBOLS = NO;
				SWIFT_APPROACHABLE_CONCURRENCY = YES;
				SWIFT_EMIT_LOC_STRINGS = NO;
				SWIFT_UPCOMING_FEATURE_MEMBER_IMPORT_VISIBILITY = YES;
				SWIFT_VERSION = 5.0;
				TARGETED_DEVICE_FAMILY = "1,2";
				TEST_HOST = "$(BUILT_PRODUCTS_DIR)/VoxLocal.app/$(BUNDLE_EXECUTABLE_FOLDER_PATH)/VoxLocal";
			};
			name = Debug;
		};
		59AE87272F91AE0F00D9609C /* Release */ = {
			isa = XCBuildConfiguration;
			buildSettings = {
				BUNDLE_LOADER = "$(TEST_HOST)";
				CODE_SIGN_STYLE = Automatic;
				CURRENT_PROJECT_VERSION = 1;
				DEVELOPMENT_TEAM = 5KY57N5N37;
				GENERATE_INFOPLIST_FILE = YES;
				IPHONEOS_DEPLOYMENT_TARGET = 26.4;
				MARKETING_VERSION = 1.0;
				PRODUCT_BUNDLE_IDENTIFIER = com.omkarpatil.VoxLocalTests;
				PRODUCT_NAME = "$(TARGET_NAME)";
				STRING_CATALOG_GENERATE_SYMBOLS = NO;
				SWIFT_APPROACHABLE_CONCURRENCY = YES;
				SWIFT_EMIT_LOC_STRINGS = NO;
				SWIFT_UPCOMING_FEATURE_MEMBER_IMPORT_VISIBILITY = YES;
				SWIFT_VERSION = 5.0;
				TARGETED_DEVICE_FAMILY = "1,2";
				TEST_HOST = "$(BUILT_PRODUCTS_DIR)/VoxLocal.app/$(BUNDLE_EXECUTABLE_FOLDER_PATH)/VoxLocal";
			};
			name = Release;
		};
		59AE87292F91AE0F00D9609C /* Debug */ = {
			isa = XCBuildConfiguration;
			buildSettings = {
				CODE_SIGN_STYLE = Automatic;
				CURRENT_PROJECT_VERSION = 1;
				DEVELOPMENT_TEAM = 5KY57N5N37;
				GENERATE_INFOPLIST_FILE = YES;
				MARKETING_VERSION = 1.0;
				PRODUCT_BUNDLE_IDENTIFIER = com.omkarpatil.VoxLocalUITests;
				PRODUCT_NAME = "$(TARGET_NAME)";
				STRING_CATALOG_GENERATE_SYMBOLS = NO;
				SWIFT_APPROACHABLE_CONCURRENCY = YES;
				SWIFT_EMIT_LOC_STRINGS = NO;
				SWIFT_UPCOMING_FEATURE_MEMBER_IMPORT_VISIBILITY = YES;
				SWIFT_VERSION = 5.0;
				TARGETED_DEVICE_FAMILY = "1,2";
				TEST_TARGET_NAME = VoxLocal;
			};
			name = Debug;
		};
		59AE872A2F91AE0F00D9609C /* Release */ = {
			isa = XCBuildConfiguration;
			buildSettings = {
				CODE_SIGN_STYLE = Automatic;
				CURRENT_PROJECT_VERSION = 1;
				DEVELOPMENT_TEAM = 5KY57N5N37;
				GENERATE_INFOPLIST_FILE = YES;
				MARKETING_VERSION = 1.0;
				PRODUCT_BUNDLE_IDENTIFIER = com.omkarpatil.VoxLocalUITests;
				PRODUCT_NAME = "$(TARGET_NAME)";
				STRING_CATALOG_GENERATE_SYMBOLS = NO;
				SWIFT_APPROACHABLE_CONCURRENCY = YES;
				SWIFT_EMIT_LOC_STRINGS = NO;
				SWIFT_UPCOMING_FEATURE_MEMBER_IMPORT_VISIBILITY = YES;
				SWIFT_VERSION = 5.0;
				TARGETED_DEVICE_FAMILY = "1,2";
				TEST_TARGET_NAME = VoxLocal;
			};
			name = Release;
		};
/* End XCBuildConfiguration section */

/* Begin XCConfigurationList section */
		59AE86FC2F91AE0E00D9609C /* Build configuration list for PBXProject "VoxLocal" */ = {
			isa = XCConfigurationList;
			buildConfigurations = (
				59AE87202F91AE0F00D9609C /* Debug */,
				59AE87212F91AE0F00D9609C /* Release */,
			);
			defaultConfigurationIsVisible = 0;
			defaultConfigurationName = Release;
		};
		59AE87222F91AE0F00D9609C /* Build configuration list for PBXNativeTarget "VoxLocal" */ = {
			isa = XCConfigurationList;
			buildConfigurations = (
				59AE87232F91AE0F00D9609C /* Debug */,
				59AE87242F91AE0F00D9609C /* Release */,
			);
			defaultConfigurationIsVisible = 0;
			defaultConfigurationName = Release;
		};
		59AE87252F91AE0F00D9609C /* Build configuration list for PBXNativeTarget "VoxLocalTests" */ = {
			isa = XCConfigurationList;
			buildConfigurations = (
				59AE87262F91AE0F00D9609C /* Debug */,
				59AE87272F91AE0F00D9609C /* Release */,
			);
			defaultConfigurationIsVisible = 0;
			defaultConfigurationName = Release;
		};
		59AE87282F91AE0F00D9609C /* Build configuration list for PBXNativeTarget "VoxLocalUITests" */ = {
			isa = XCConfigurationList;
			buildConfigurations = (
				59AE87292F91AE0F00D9609C /* Debug */,
				59AE872A2F91AE0F00D9609C /* Release */,
			);
			defaultConfigurationIsVisible = 0;
			defaultConfigurationName = Release;
		};
/* End XCConfigurationList section */

/* Begin XCRemoteSwiftPackageReference section */
		5982084E2F91C949000BD51D /* XCRemoteSwiftPackageReference "swift-collections" */ = {
			isa = XCRemoteSwiftPackageReference;
			repositoryURL = "https://github.com/apple/swift-collections.git";
			requirement = {
				kind = upToNextMajorVersion;
				minimumVersion = 1.4.1;
			};
		};
		598208522F91CB0D000BD51D /* XCRemoteSwiftPackageReference "onnxruntime-swift-package-manager" */ = {
			isa = XCRemoteSwiftPackageReference;
			repositoryURL = "https://github.com/microsoft/onnxruntime-swift-package-manager";
			requirement = {
				kind = upToNextMajorVersion;
				minimumVersion = 1.24.2;
			};
		};
/* End XCRemoteSwiftPackageReference section */

/* Begin XCSwiftPackageProductDependency section */
		598208502F91CA19000BD51D /* Collections */ = {
			isa = XCSwiftPackageProductDependency;
			package = 5982084E2F91C949000BD51D /* XCRemoteSwiftPackageReference "swift-collections" */;
			productName = Collections;
		};
		598208532F91CB97000BD51D /* onnxruntime */ = {
			isa = XCSwiftPackageProductDependency;
			package = 598208522F91CB0D000BD51D /* XCRemoteSwiftPackageReference "onnxruntime-swift-package-manager" */;
			productName = onnxruntime;
		};
/* End XCSwiftPackageProductDependency section */
	};
	rootObject = 59AE86F92F91AE0E00D9609C /* Project object */;
}
